
Microsoft Visual Studio Solution File, Format Version 12.00
# Visual Studio Version 17
VisualStudioVersion = 17.4.33213.308
MinimumVisualStudioVersion = 10.0.40219.1
Project("{FAE04EC0-301F-11D3-BF4B-00C04F79EFBC}") = "The Laws of Freach", "The Laws of Freach.csproj", "{26981139-235F-494B-941E-5C24D33C6B99}"
EndProject
Global
	GlobalSection(SolutionConfigurationPlatforms) = preSolution
		Debug|Any CPU = Debug|Any CPU
		Release|Any CPU = Release|Any CPU
	EndGlobalSection
	GlobalSection(ProjectConfigurationPlatforms) = postSolution
		{26981139-235F-494B-941E-5C24D33C6B99}.Debug|Any CPU.ActiveCfg = Debug|Any CPU
		{26981139-235F-494B-941E-5C24D33C6B99}.Debug|Any CPU.Build.0 = Debug|Any CPU
		{26981139-235F-494B-941E-5C24D33C6B99}.Release|Any CPU.ActiveCfg = Release|Any CPU
		{26981139-235F-494B-941E-5C24D33C6B99}.Release|Any CPU.Build.0 = Release|Any CPU
	EndGlobalSection
	GlobalSection(SolutionProperties) = preSolution
		HideSolutionNode = FALSE
	EndGlobalSection
	GlobalSection(ExtensibilityGlobals) = postSolution
		SolutionGuid = {16BBFAF4-E925-47EB-9940-49F13B6168EB}
	EndGlobalSection
EndGlobal
