
Microsoft Visual Studio Solution File, Format Version 12.00
# Visual Studio Version 17
VisualStudioVersion = 17.4.33213.308
MinimumVisualStudioVersion = 10.0.40219.1
Project("{FAE04EC0-301F-11D3-BF4B-00C04F79EFBC}") = "The Thing Namer 3000", "The Thing Namer 3000.csproj", "{99061667-0870-4FF4-8EAF-0A08D22FA07B}"
EndProject
Global
	GlobalSection(SolutionConfigurationPlatforms) = preSolution
		Debug|Any CPU = Debug|Any CPU
		Release|Any CPU = Release|Any CPU
	EndGlobalSection
	GlobalSection(ProjectConfigurationPlatforms) = postSolution
		{99061667-0870-4FF4-8EAF-0A08D22FA07B}.Debug|Any CPU.ActiveCfg = Debug|Any CPU
		{99061667-0870-4FF4-8EAF-0A08D22FA07B}.Debug|Any CPU.Build.0 = Debug|Any CPU
		{99061667-0870-4FF4-8EAF-0A08D22FA07B}.Release|Any CPU.ActiveCfg = Release|Any CPU
		{99061667-0870-4FF4-8EAF-0A08D22FA07B}.Release|Any CPU.Build.0 = Release|Any CPU
	EndGlobalSection
	GlobalSection(SolutionProperties) = preSolution
		HideSolutionNode = FALSE
	EndGlobalSection
	GlobalSection(ExtensibilityGlobals) = postSolution
		SolutionGuid = {EF2E6AE7-8CFF-4873-986A-ACE8C0932B56}
	EndGlobalSection
EndGlobal
